
Microsoft Visual Studio Solution File, Format Version 12.00
Project("{2150E333-8FDC-42A3-9474-1A3956D46DE8}") = "src", "src", "{17D93533-9414-475B-BE5F-E0CD536CBC6C}"
EndProject
Project("{2150E333-8FDC-42A3-9474-1A3956D46DE8}") = "Core", "Core", "{53C97236-0512-4750-A5EC-7F15107603F4}"
EndProject
Project("{2150E333-8FDC-42A3-9474-1A3956D46DE8}") = "Infraestructure", "Infraestructure", "{A193838E-340A-4F9C-8F1F-60EA94EA20BA}"
EndProject
Project("{2150E333-8FDC-42A3-9474-1A3956D46DE8}") = "Presentation", "Presentation", "{89890B9B-178A-457F-BB0D-56CA162B728F}"
EndProject
Project("{FAE04EC0-301F-11D3-BF4B-00C04F79EFBC}") = "Application", "Application\Application.csproj", "{2283BD85-36D1-4A2F-8C90-BD26144552D3}"
EndProject
Project("{FAE04EC0-301F-11D3-BF4B-00C04F79EFBC}") = "Domain", "Domain\Domain.csproj", "{37DAEBBE-A311-4004-B666-32CFD7DDD2A0}"
EndProject
Project("{FAE04EC0-301F-11D3-BF4B-00C04F79EFBC}") = "Persistence", "Persistence\Persistence.csproj", "{882D3F1C-8530-4A6F-B55E-40584853F334}"
EndProject
Project("{FAE04EC0-301F-11D3-BF4B-00C04F79EFBC}") = "Shared", "Shared\Shared.csproj", "{E36495DA-CC19-47FC-BE11-260BA9B60CF8}"
EndProject
Project("{FAE04EC0-301F-11D3-BF4B-00C04F79EFBC}") = "WebApi", "WebApi\WebApi.csproj", "{EAF773E1-C7F2-4751-8757-0C1D70E4E7CC}"
EndProject
Global
	GlobalSection(SolutionConfigurationPlatforms) = preSolution
		Debug|Any CPU = Debug|Any CPU
		Release|Any CPU = Release|Any CPU
	EndGlobalSection
	GlobalSection(NestedProjects) = preSolution
		{53C97236-0512-4750-A5EC-7F15107603F4} = {17D93533-9414-475B-BE5F-E0CD536CBC6C}
		{A193838E-340A-4F9C-8F1F-60EA94EA20BA} = {17D93533-9414-475B-BE5F-E0CD536CBC6C}
		{89890B9B-178A-457F-BB0D-56CA162B728F} = {17D93533-9414-475B-BE5F-E0CD536CBC6C}
		{2283BD85-36D1-4A2F-8C90-BD26144552D3} = {53C97236-0512-4750-A5EC-7F15107603F4}
		{37DAEBBE-A311-4004-B666-32CFD7DDD2A0} = {53C97236-0512-4750-A5EC-7F15107603F4}
		{882D3F1C-8530-4A6F-B55E-40584853F334} = {A193838E-340A-4F9C-8F1F-60EA94EA20BA}
		{E36495DA-CC19-47FC-BE11-260BA9B60CF8} = {A193838E-340A-4F9C-8F1F-60EA94EA20BA}
		{EAF773E1-C7F2-4751-8757-0C1D70E4E7CC} = {89890B9B-178A-457F-BB0D-56CA162B728F}
	EndGlobalSection
	GlobalSection(ProjectConfigurationPlatforms) = postSolution
		{2283BD85-36D1-4A2F-8C90-BD26144552D3}.Debug|Any CPU.ActiveCfg = Debug|Any CPU
		{2283BD85-36D1-4A2F-8C90-BD26144552D3}.Debug|Any CPU.Build.0 = Debug|Any CPU
		{2283BD85-36D1-4A2F-8C90-BD26144552D3}.Release|Any CPU.ActiveCfg = Release|Any CPU
		{2283BD85-36D1-4A2F-8C90-BD26144552D3}.Release|Any CPU.Build.0 = Release|Any CPU
		{37DAEBBE-A311-4004-B666-32CFD7DDD2A0}.Debug|Any CPU.ActiveCfg = Debug|Any CPU
		{37DAEBBE-A311-4004-B666-32CFD7DDD2A0}.Debug|Any CPU.Build.0 = Debug|Any CPU
		{37DAEBBE-A311-4004-B666-32CFD7DDD2A0}.Release|Any CPU.ActiveCfg = Release|Any CPU
		{37DAEBBE-A311-4004-B666-32CFD7DDD2A0}.Release|Any CPU.Build.0 = Release|Any CPU
		{882D3F1C-8530-4A6F-B55E-40584853F334}.Debug|Any CPU.ActiveCfg = Debug|Any CPU
		{882D3F1C-8530-4A6F-B55E-40584853F334}.Debug|Any CPU.Build.0 = Debug|Any CPU
		{882D3F1C-8530-4A6F-B55E-40584853F334}.Release|Any CPU.ActiveCfg = Release|Any CPU
		{882D3F1C-8530-4A6F-B55E-40584853F334}.Release|Any CPU.Build.0 = Release|Any CPU
		{E36495DA-CC19-47FC-BE11-260BA9B60CF8}.Debug|Any CPU.ActiveCfg = Debug|Any CPU
		{E36495DA-CC19-47FC-BE11-260BA9B60CF8}.Debug|Any CPU.Build.0 = Debug|Any CPU
		{E36495DA-CC19-47FC-BE11-260BA9B60CF8}.Release|Any CPU.ActiveCfg = Release|Any CPU
		{E36495DA-CC19-47FC-BE11-260BA9B60CF8}.Release|Any CPU.Build.0 = Release|Any CPU
		{EAF773E1-C7F2-4751-8757-0C1D70E4E7CC}.Debug|Any CPU.ActiveCfg = Debug|Any CPU
		{EAF773E1-C7F2-4751-8757-0C1D70E4E7CC}.Debug|Any CPU.Build.0 = Debug|Any CPU
		{EAF773E1-C7F2-4751-8757-0C1D70E4E7CC}.Release|Any CPU.ActiveCfg = Release|Any CPU
		{EAF773E1-C7F2-4751-8757-0C1D70E4E7CC}.Release|Any CPU.Build.0 = Release|Any CPU
	EndGlobalSection
EndGlobal
